Microsoft Visual Studio Solution File, Format Version 12.00
# Visual Studio Version 17
VisualStudioVersion = 17.5.2.0
MinimumVisualStudioVersion = 10.0.40219.1
Project("{FAE04EC0-301F-11D3-BF4B-00C04F79EFBC}") = "fundametal-2", "fundametal-2.csproj", "{11A23597-178A-2E8B-B867-852B21D55CB9}"
EndProject
Global
	GlobalSection(SolutionConfigurationPlatforms) = preSolution
		Debug|Any CPU = Debug|Any CPU
		Release|Any CPU = Release|Any CPU
	EndGlobalSection
	GlobalSection(ProjectConfigurationPlatforms) = postSolution
		{11A23597-178A-2E8B-B867-852B21D55CB9}.Debug|Any CPU.ActiveCfg = Debug|Any CPU
		{11A23597-178A-2E8B-B867-852B21D55CB9}.Debug|Any CPU.Build.0 = Debug|Any CPU
		{11A23597-178A-2E8B-B867-852B21D55CB9}.Release|Any CPU.ActiveCfg = Release|Any CPU
		{11A23597-178A-2E8B-B867-852B21D55CB9}.Release|Any CPU.Build.0 = Release|Any CPU
	EndGlobalSection
	GlobalSection(SolutionProperties) = preSolution
		HideSolutionNode = FALSE
	EndGlobalSection
	GlobalSection(ExtensibilityGlobals) = postSolution
		SolutionGuid = {5DCD5EE3-4D3D-484C-BDF6-2EB1687C7CFF}
	EndGlobalSection
EndGlobal
