
Microsoft Visual Studio Solution File, Format Version 12.00
# Visual Studio Version 17
VisualStudioVersion = 17.12.35514.174
MinimumVisualStudioVersion = 10.0.40219.1
Project("{FAE04EC0-301F-11D3-BF4B-00C04F79EFBC}") = "Rookies.API", "Rookies.API\Rookies.API.csproj", "{8406AA4A-0F16-44BF-87AD-DBB7C14AC156}"
EndProject
Project("{2150E333-8FDC-42A3-9474-1A3956D46DE8}") = "Solution Items", "Solution Items", "{15B2F8D8-E50A-4ED4-AD7C-B0C188177487}"
	ProjectSection(SolutionItems) = preProject
		.editorconfig = .editorconfig
		.gitignore = .gitignore
	EndProjectSection
EndProject
Project("{FAE04EC0-301F-11D3-BF4B-00C04F79EFBC}") = "Rookies.Domain", "Rookies.Domain\Rookies.Domain.csproj", "{16FFDAA1-8302-410F-93F0-F089DB8C5846}"
EndProject
Project("{FAE04EC0-301F-11D3-BF4B-00C04F79EFBC}") = "Rookies.Application", "Rookies.Application\Rookies.Application.csproj", "{4529A03B-9105-4CB4-ABEF-31D54BA7DC14}"
EndProject
Project("{FAE04EC0-301F-11D3-BF4B-00C04F79EFBC}") = "Rookies.Persistence", "Rookies.Persistence\Rookies.Persistence.csproj", "{01AB72BE-9A93-47AD-B038-B5F0E2F2E428}"
EndProject
Project("{FAE04EC0-301F-11D3-BF4B-00C04F79EFBC}") = "Rookies.Infrastructure", "Rookies.Infrastructure\Rookies.Infrastructure.csproj", "{B20535FB-490F-4A65-91BD-4A4147D50003}"
EndProject
Project("{FAE04EC0-301F-11D3-BF4B-00C04F79EFBC}") = "Rookies.Contract", "Rookies.Contract\Rookies.Contract.csproj", "{8043F9FD-D126-48A9-9109-D87ACE0A63C8}"
EndProject
Global
	GlobalSection(SolutionConfigurationPlatforms) = preSolution
		Debug|Any CPU = Debug|Any CPU
		Release|Any CPU = Release|Any CPU
	EndGlobalSection
	GlobalSection(ProjectConfigurationPlatforms) = postSolution
		{8406AA4A-0F16-44BF-87AD-DBB7C14AC156}.Debug|Any CPU.ActiveCfg = Debug|Any CPU
		{8406AA4A-0F16-44BF-87AD-DBB7C14AC156}.Debug|Any CPU.Build.0 = Debug|Any CPU
		{8406AA4A-0F16-44BF-87AD-DBB7C14AC156}.Release|Any CPU.ActiveCfg = Release|Any CPU
		{8406AA4A-0F16-44BF-87AD-DBB7C14AC156}.Release|Any CPU.Build.0 = Release|Any CPU
		{16FFDAA1-8302-410F-93F0-F089DB8C5846}.Debug|Any CPU.ActiveCfg = Debug|Any CPU
		{16FFDAA1-8302-410F-93F0-F089DB8C5846}.Debug|Any CPU.Build.0 = Debug|Any CPU
		{16FFDAA1-8302-410F-93F0-F089DB8C5846}.Release|Any CPU.ActiveCfg = Release|Any CPU
		{16FFDAA1-8302-410F-93F0-F089DB8C5846}.Release|Any CPU.Build.0 = Release|Any CPU
		{4529A03B-9105-4CB4-ABEF-31D54BA7DC14}.Debug|Any CPU.ActiveCfg = Debug|Any CPU
		{4529A03B-9105-4CB4-ABEF-31D54BA7DC14}.Debug|Any CPU.Build.0 = Debug|Any CPU
		{4529A03B-9105-4CB4-ABEF-31D54BA7DC14}.Release|Any CPU.ActiveCfg = Release|Any CPU
		{4529A03B-9105-4CB4-ABEF-31D54BA7DC14}.Release|Any CPU.Build.0 = Release|Any CPU
		{01AB72BE-9A93-47AD-B038-B5F0E2F2E428}.Debug|Any CPU.ActiveCfg = Debug|Any CPU
		{01AB72BE-9A93-47AD-B038-B5F0E2F2E428}.Debug|Any CPU.Build.0 = Debug|Any CPU
		{01AB72BE-9A93-47AD-B038-B5F0E2F2E428}.Release|Any CPU.ActiveCfg = Release|Any CPU
		{01AB72BE-9A93-47AD-B038-B5F0E2F2E428}.Release|Any CPU.Build.0 = Release|Any CPU
		{B20535FB-490F-4A65-91BD-4A4147D50003}.Debug|Any CPU.ActiveCfg = Debug|Any CPU
		{B20535FB-490F-4A65-91BD-4A4147D50003}.Debug|Any CPU.Build.0 = Debug|Any CPU
		{B20535FB-490F-4A65-91BD-4A4147D50003}.Release|Any CPU.ActiveCfg = Release|Any CPU
		{B20535FB-490F-4A65-91BD-4A4147D50003}.Release|Any CPU.Build.0 = Release|Any CPU
		{8043F9FD-D126-48A9-9109-D87ACE0A63C8}.Debug|Any CPU.ActiveCfg = Debug|Any CPU
		{8043F9FD-D126-48A9-9109-D87ACE0A63C8}.Debug|Any CPU.Build.0 = Debug|Any CPU
		{8043F9FD-D126-48A9-9109-D87ACE0A63C8}.Release|Any CPU.ActiveCfg = Release|Any CPU
		{8043F9FD-D126-48A9-9109-D87ACE0A63C8}.Release|Any CPU.Build.0 = Release|Any CPU
	EndGlobalSection
	GlobalSection(SolutionProperties) = preSolution
		HideSolutionNode = FALSE
	EndGlobalSection
EndGlobal
